
Microsoft Visual Studio Solution File, Format Version 12.00
# Visual Studio Version 16
VisualStudioVersion = 16.0.30907.101
MinimumVisualStudioVersion = 10.0.40219.1
Project("{FAE04EC0-301F-11D3-BF4B-00C04F79EFBC}") = "WindowsFormsApp0411", "WindowsFormsApp0411\WindowsFormsApp0411.csproj", "{56A706B3-BC1E-44CC-8455-506ED5084736}"
EndProject
Global
	GlobalSection(SolutionConfigurationPlatforms) = preSolution
		Debug|Any CPU = Debug|Any CPU
		Release|Any CPU = Release|Any CPU
	EndGlobalSection
	GlobalSection(ProjectConfigurationPlatforms) = postSolution
		{56A706B3-BC1E-44CC-8455-506ED5084736}.Debug|Any CPU.ActiveCfg = Debug|Any CPU
		{56A706B3-BC1E-44CC-8455-506ED5084736}.Debug|Any CPU.Build.0 = Debug|Any CPU
		{56A706B3-BC1E-44CC-8455-506ED5084736}.Release|Any CPU.ActiveCfg = Release|Any CPU
		{56A706B3-BC1E-44CC-8455-506ED5084736}.Release|Any CPU.Build.0 = Release|Any CPU
	EndGlobalSection
	GlobalSection(SolutionProperties) = preSolution
		HideSolutionNode = FALSE
	EndGlobalSection
	GlobalSection(ExtensibilityGlobals) = postSolution
		SolutionGuid = {A0E88D9F-B880-46A3-9811-01C14ED72597}
	EndGlobalSection
EndGlobal
